// !$*UTF8*$!
{
	archiveVersion = 1;
	classes = {
	};
	objectVersion = 50;
	objects = {

/* Begin PBXBuildFile section */
		22614D31218597EF004F7E90 /* AppDelegate.m in Sources */ = {isa = PBXBuildFile; fileRef = 22614D30218597EF004F7E90 /* AppDelegate.m */; };
		22614D34218597EF004F7E90 /* ViewController.m in Sources */ = {isa = PBXBuildFile; fileRef = 22614D33218597EF004F7E90 /* ViewController.m */; };
		22614D37218597EF004F7E90 /* Main.storyboard in Resources */ = {isa = PBXBuildFile; fileRef = 22614D35218597EF004F7E90 /* Main.storyboard */; };
		22614D39218597F0004F7E90 /* Assets.xcassets in Resources */ = {isa = PBXBuildFile; fileRef = 22614D38218597F0004F7E90 /* Assets.xcassets */; };
		22614D3C218597F0004F7E90 /* LaunchScreen.storyboard in Resources */ = {isa = PBXBuildFile; fileRef = 22614D3A218597F0004F7E90 /* LaunchScreen.storyboard */; };
		22614D3F218597F0004F7E90 /* main.m in Sources */ = {isa = PBXBuildFile; fileRef = 22614D3E218597F0004F7E90 /* main.m */; };
		22614D49218597F0004F7E90 /* TaskListTests.m in Sources */ = {isa = PBXBuildFile; fileRef = 22614D48218597F0004F7E90 /* TaskListTests.m */; };
		22614D54218597F0004F7E90 /* TaskListUITests.m in Sources */ = {isa = PBXBuildFile; fileRef = 22614D53218597F0004F7E90 /* TaskListUITests.m */; };
/* End PBXBuildFile section */

/* Begin PBXContainerItemProxy section */
		22614D45218597F0004F7E90 /* PBXContainerItemProxy */ = {
			isa = PBXContainerItemProxy;
			containerPortal = 22614D24218597EF004F7E90 /* Project object */;
			proxyType = 1;
			remoteGlobalIDString = 22614D2B218597EF004F7E90;
			remoteInfo = TaskList;
		};
		22614D50218597F0004F7E90 /* PBXContainerItemProxy */ = {
			isa = PBXContainerItemProxy;
			containerPortal = 22614D24218597EF004F7E90 /* Project object */;
			proxyType = 1;
			remoteGlobalIDString = 22614D2B218597EF004F7E90;
			remoteInfo = TaskList;
		};
/* End PBXContainerItemProxy section */

/* Begin PBXFileReference section */
		22614D2C218597EF004F7E90 /* TaskList.app */ = {isa = PBXFileReference; explicitFileType = wrapper.application; includeInIndex = 0; path = TaskList.app; sourceTree = BUILT_PRODUCTS_DIR; };
		22614D2F218597EF004F7E90 /* AppDelegate.h */ = {isa = PBXFileReference; lastKnownFileType = sourcecode.c.h; path = AppDelegate.h; sourceTree = "<group>"; };
		22614D30218597EF004F7E90 /* AppDelegate.m */ = {isa = PBXFileReference; lastKnownFileType = sourcecode.c.objc; path = AppDelegate.m; sourceTree = "<group>"; };
		22614D32218597EF004F7E90 /* ViewController.h */ = {isa = PBXFileReference; lastKnownFileType = sourcecode.c.h; path = ViewController.h; sourceTree = "<group>"; };
		22614D33218597EF004F7E90 /* ViewController.m */ = {isa = PBXFileReference; lastKnownFileType = sourcecode.c.objc; path = ViewController.m; sourceTree = "<group>"; };
		22614D36218597EF004F7E90 /* Base */ = {isa = PBXFileReference; lastKnownFileType = file.storyboard; name = Base; path = Base.lproj/Main.storyboard; sourceTree = "<group>"; };
		22614D38218597F0004F7E90 /* Assets.xcassets */ = {isa = PBXFileReference; lastKnownFileType = folder.assetcatalog; path = Assets.xcassets; sourceTree = "<group>"; };
		22614D3B218597F0004F7E90 /* Base */ = {isa = PBXFileReference; lastKnownFileType = file.storyboard; name = Base; path = Base.lproj/LaunchScreen.storyboard; sourceTree = "<group>"; };
		22614D3D218597F0004F7E90 /* Info.plist */ = {isa = PBXFileReference; lastKnownFileType = text.plist.xml; path = Info.plist; sourceTree = "<group>"; };
		22614D3E218597F0004F7E90 /* main.m */ = {isa = PBXFileReference; lastKnownFileType = sourcecode.c.objc; path = main.m; sourceTree = "<group>"; };
		22614D44218597F0004F7E90 /* TaskListTests.xctest */ = {isa = PBXFileReference; explicitFileType = wrapper.cfbundle; includeInIndex = 0; path = TaskListTests.xctest; sourceTree = BUILT_PRODUCTS_DIR; };
		22614D48218597F0004F7E90 /* TaskListTests.m */ = {isa = PBXFileReference; lastKnownFileType = sourcecode.c.objc; path = TaskListTests.m; sourceTree = "<group>"; };
		22614D4A218597F0004F7E90 /* Info.plist */ = {isa = PBXFileReference; lastKnownFileType = text.plist.xml; path = Info.plist; sourceTree = "<group>"; };
		22614D4F218597F0004F7E90 /* TaskListUITests.xctest */ = {isa = PBXFileReference; explicitFileType = wrapper.cfbundle; includeInIndex = 0; path = TaskListUITests.xctest; sourceTree = BUILT_PRODUCTS_DIR; };
		22614D53218597F0004F7E90 /* TaskListUITests.m */ = {isa = PBXFileReference; lastKnownFileType = sourcecode.c.objc; path = TaskListUITests.m; sourceTree = "<group>"; };
		22614D55218597F0004F7E90 /* Info.plist */ = {isa = PBXFileReference; lastKnownFileType = text.plist.xml; path = Info.plist; sourceTree = "<group>"; };
/* End PBXFileReference section */

/* Begin PBXFrameworksBuildPhase section */
		22614D29218597EF004F7E90 /* Frameworks */ = {
			isa = PBXFrameworksBuildPhase;
			buildActionMask = 2147483647;
			files = (
			);
			runOnlyForDeploymentPostprocessing = 0;
		};
		22614D41218597F0004F7E90 /* Frameworks */ = {
			isa = PBXFrameworksBuildPhase;
			buildActionMask = 2147483647;
			files = (
			);
			runOnlyForDeploymentPostprocessing = 0;
		};
		22614D4C218597F0004F7E90 /* Frameworks */ = {
			isa = PBXFrameworksBuildPhase;
			buildActionMask = 2147483647;
			files = (
			);
			runOnlyForDeploymentPostprocessing = 0;
		};
/* End PBXFrameworksBuildPhase section */

/* Begin PBXGroup section */
		22614D23218597EF004F7E90 = {
			isa = PBXGroup;
			children = (
				22614D2E218597EF004F7E90 /* TaskList */,
				22614D47218597F0004F7E90 /* TaskListTests */,
				22614D52218597F0004F7E90 /* TaskListUITests */,
				22614D2D218597EF004F7E90 /* Products */,
			);
			sourceTree = "<group>";
		};
		22614D2D218597EF004F7E90 /* Products */ = {
			isa = PBXGroup;
			children = (
				22614D2C218597EF004F7E90 /* TaskList.app */,
				22614D44218597F0004F7E90 /* TaskListTests.xctest */,
				22614D4F218597F0004F7E90 /* TaskListUITests.xctest */,
			);
			name = Products;
			sourceTree = "<group>";
		};
		22614D2E218597EF004F7E90 /* TaskList */ = {
			isa = PBXGroup;
			children = (
				22614D2F218597EF004F7E90 /* AppDelegate.h */,
				22614D30218597EF004F7E90 /* AppDelegate.m */,
				22614D32218597EF004F7E90 /* ViewController.h */,
				22614D33218597EF004F7E90 /* ViewController.m */,
				22614D35218597EF004F7E90 /* Main.storyboard */,
				22614D38218597F0004F7E90 /* Assets.xcassets */,
				22614D3A218597F0004F7E90 /* LaunchScreen.storyboard */,
				22614D3D218597F0004F7E90 /* Info.plist */,
				22614D3E218597F0004F7E90 /* main.m */,
			);
			path = TaskList;
			sourceTree = "<group>";
		};
		22614D47218597F0004F7E90 /* TaskListTests */ = {
			isa = PBXGroup;
			children = (
				22614D48218597F0004F7E90 /* TaskListTests.m */,
				22614D4A218597F0004F7E90 /* Info.plist */,
			);
			path = TaskListTests;
			sourceTree = "<group>";
		};
		22614D52218597F0004F7E90 /* TaskListUITests */ = {
			isa = PBXGroup;
			children = (
				22614D53218597F0004F7E90 /* TaskListUITests.m */,
				22614D55218597F0004F7E90 /* Info.plist */,
			);
			path = TaskListUITests;
			sourceTree = "<group>";
		};
/* End PBXGroup section */

/* Begin PBXNativeTarget section */
		22614D2B218597EF004F7E90 /* TaskList */ = {
			isa = PBXNativeTarget;
			buildConfigurationList = 22614D58218597F0004F7E90 /* Build configuration list for PBXNativeTarget "TaskList" */;
			buildPhases = (
				22614D28218597EF004F7E90 /* Sources */,
				22614D29218597EF004F7E90 /* Frameworks */,
				22614D2A218597EF004F7E90 /* Resources */,
			);
			buildRules = (
			);
			dependencies = (
			);
			name = TaskList;
			productName = TaskList;
			productReference = 22614D2C218597EF004F7E90 /* TaskList.app */;
			productType = "com.apple.product-type.application";
		};
		22614D43218597F0004F7E90 /* TaskListTests */ = {
			isa = PBXNativeTarget;
			buildConfigurationList = 22614D5B218597F0004F7E90 /* Build configuration list for PBXNativeTarget "TaskListTests" */;
			buildPhases = (
				22614D40218597F0004F7E90 /* Sources */,
				22614D41218597F0004F7E90 /* Frameworks */,
				22614D42218597F0004F7E90 /* Resources */,
			);
			buildRules = (
			);
			dependencies = (
				22614D46218597F0004F7E90 /* PBXTargetDependency */,
			);
			name = TaskListTests;
			productName = TaskListTests;
			productReference = 22614D44218597F0004F7E90 /* TaskListTests.xctest */;
			productType = "com.apple.product-type.bundle.unit-test";
		};
		22614D4E218597F0004F7E90 /* TaskListUITests */ = {
			isa = PBXNativeTarget;
			buildConfigurationList = 22614D5E218597F0004F7E90 /* Build configuration list for PBXNativeTarget "TaskListUITests" */;
			buildPhases = (
				22614D4B218597F0004F7E90 /* Sources */,
				22614D4C218597F0004F7E90 /* Frameworks */,
				22614D4D218597F0004F7E90 /* Resources */,
			);
			buildRules = (
			);
			dependencies = (
				22614D51218597F0004F7E90 /* PBXTargetDependency */,
			);
			name = TaskListUITests;
			productName = TaskListUITests;
			productReference = 22614D4F218597F0004F7E90 /* TaskListUITests.xctest */;
			productType = "com.apple.product-type.bundle.ui-testing";
		};
/* End PBXNativeTarget section */

/* Begin PBXProject section */
		22614D24218597EF004F7E90 /* Project object */ = {
			isa = PBXProject;
			attributes = {
				LastUpgradeCheck = 1000;
				ORGANIZATIONNAME = macos;
				TargetAttributes = {
					22614D2B218597EF004F7E90 = {
						CreatedOnToolsVersion = 10.0;
					};
					22614D43218597F0004F7E90 = {
						CreatedOnToolsVersion = 10.0;
						TestTargetID = 22614D2B218597EF004F7E90;
					};
					22614D4E218597F0004F7E90 = {
						CreatedOnToolsVersion = 10.0;
						TestTargetID = 22614D2B218597EF004F7E90;
					};
				};
			};
			buildConfigurationList = 22614D27218597EF004F7E90 /* Build configuration list for PBXProject "TaskList" */;
			compatibilityVersion = "Xcode 9.3";
			developmentRegion = en;
			hasScannedForEncodings = 0;
			knownRegions = (
				en,
				Base,
			);
			mainGroup = 22614D23218597EF004F7E90;
			productRefGroup = 22614D2D218597EF004F7E90 /* Products */;
			projectDirPath = "";
			projectRoot = "";
			targets = (
				22614D2B218597EF004F7E90 /* TaskList */,
				22614D43218597F0004F7E90 /* TaskListTests */,
				22614D4E218597F0004F7E90 /* TaskListUITests */,
			);
		};
/* End PBXProject section */

/* Begin PBXResourcesBuildPhase section */
		22614D2A218597EF004F7E90 /* Resources */ = {
			isa = PBXResourcesBuildPhase;
			buildActionMask = 2147483647;
			files = (
				22614D3C218597F0004F7E90 /* LaunchScreen.storyboard in Resources */,
				22614D39218597F0004F7E90 /* Assets.xcassets in Resources */,
				22614D37218597EF004F7E90 /* Main.storyboard in Resources */,
			);
			runOnlyForDeploymentPostprocessing = 0;
		};
		22614D42218597F0004F7E90 /* Resources */ = {
			isa = PBXResourcesBuildPhase;
			buildActionMask = 2147483647;
			files = (
			);
			runOnlyForDeploymentPostprocessing = 0;
		};
		22614D4D218597F0004F7E90 /* Resources */ = {
			isa = PBXResourcesBuildPhase;
			buildActionMask = 2147483647;
			files = (
			);
			runOnlyForDeploymentPostprocessing = 0;
		};
/* End PBXResourcesBuildPhase section */

/* Begin PBXSourcesBuildPhase section */
		22614D28218597EF004F7E90 /* Sources */ = {
			isa = PBXSourcesBuildPhase;
			buildActionMask = 2147483647;
			files = (
				22614D34218597EF004F7E90 /* ViewController.m in Sources */,
				22614D3F218597F0004F7E90 /* main.m in Sources */,
				22614D31218597EF004F7E90 /* AppDelegate.m in Sources */,
			);
			runOnlyForDeploymentPostprocessing = 0;
		};
		22614D40218597F0004F7E90 /* Sources */ = {
			isa = PBXSourcesBuildPhase;
			buildActionMask = 2147483647;
			files = (
				22614D49218597F0004F7E90 /* TaskListTests.m in Sources */,
			);
			runOnlyForDeploymentPostprocessing = 0;
		};
		22614D4B218597F0004F7E90 /* Sources */ = {
			isa = PBXSourcesBuildPhase;
			buildActionMask = 2147483647;
			files = (
				22614D54218597F0004F7E90 /* TaskListUITests.m in Sources */,
			);
			runOnlyForDeploymentPostprocessing = 0;
		};
/* End PBXSourcesBuildPhase section */

/* Begin PBXTargetDependency section */
		22614D46218597F0004F7E90 /* PBXTargetDependency */ = {
			isa = PBXTargetDependency;
			target = 22614D2B218597EF004F7E90 /* TaskList */;
			targetProxy = 22614D45218597F0004F7E90 /* PBXContainerItemProxy */;
		};
		22614D51218597F0004F7E90 /* PBXTargetDependency */ = {
			isa = PBXTargetDependency;
			target = 22614D2B218597EF004F7E90 /* TaskList */;
			targetProxy = 22614D50218597F0004F7E90 /* PBXContainerItemProxy */;
		};
/* End PBXTargetDependency section */

/* Begin PBXVariantGroup section */
		22614D35218597EF004F7E90 /* Main.storyboard */ = {
			isa = PBXVariantGroup;
			children = (
				22614D36218597EF004F7E90 /* Base */,
			);
			name = Main.storyboard;
			sourceTree = "<group>";
		};
		22614D3A218597F0004F7E90 /* LaunchScreen.storyboard */ = {
			isa = PBXVariantGroup;
			children = (
				22614D3B218597F0004F7E90 /* Base */,
			);
			name = LaunchScreen.storyboard;
			sourceTree = "<group>";
		};
/* End PBXVariantGroup section */

/* Begin XCBuildConfiguration section */
		22614D56218597F0004F7E90 /* Debug */ = {
			isa = XCBuildConfiguration;
			buildSettings = {
				ALWAYS_SEARCH_USER_PATHS = NO;
				CLANG_ANALYZER_NONNULL = YES;
				CLANG_ANALYZER_NUMBER_OBJECT_CONVERSION = YES_AGGRESSIVE;
				CLANG_CXX_LANGUAGE_STANDARD = "gnu++14";
				CLANG_CXX_LIBRARY = "libc++";
				CLANG_ENABLE_MODULES = YES;
				CLANG_ENABLE_OBJC_ARC = YES;
				CLANG_ENABLE_OBJC_WEAK = YES;
				CLANG_WARN_BLOCK_CAPTURE_AUTORELEASING = YES;
				CLANG_WARN_BOOL_CONVERSION = YES;
				CLANG_WARN_COMMA = YES;
				CLANG_WARN_CONSTANT_CONVERSION = YES;
				CLANG_WARN_DEPRECATED_OBJC_IMPLEMENTATIONS = YES;
				CLANG_WARN_DIRECT_OBJC_ISA_USAGE = YES_ERROR;
				CLANG_WARN_DOCUMENTATION_COMMENTS = YES;
				CLANG_WARN_EMPTY_BODY = YES;
				CLANG_WARN_ENUM_CONVERSION = YES;
				CLANG_WARN_INFINITE_RECURSION = YES;
				CLANG_WARN_INT_CONVERSION = YES;
				CLANG_WARN_NON_LITERAL_NULL_CONVERSION = YES;
				CLANG_WARN_OBJC_IMPLICIT_RETAIN_SELF = YES;
				CLANG_WARN_OBJC_LITERAL_CONVERSION = YES;
				CLANG_WARN_OBJC_ROOT_CLASS = YES_ERROR;
				CLANG_WARN_RANGE_LOOP_ANALYSIS = YES;
				CLANG_WARN_STRICT_PROTOTYPES = YES;
				CLANG_WARN_SUSPICIOUS_MOVE = YES;
				CLANG_WARN_UNGUARDED_AVAILABILITY = YES_AGGRESSIVE;
				CLANG_WARN_UNREACHABLE_CODE = YES;
				CLANG_WARN__DUPLICATE_METHOD_MATCH = YES;
				CODE_SIGN_IDENTITY = "iPhone Developer";
				COPY_PHASE_STRIP = NO;
				DEBUG_INFORMATION_FORMAT = dwarf;
				ENABLE_STRICT_OBJC_MSGSEND = YES;
				ENABLE_TESTABILITY = YES;
				GCC_C_LANGUAGE_STANDARD = gnu11;
				GCC_DYNAMIC_NO_PIC = NO;
				GCC_NO_COMMON_BLOCKS = YES;
				GCC_OPTIMIZATION_LEVEL = 0;
				GCC_PREPROCESSOR_DEFINITIONS = (
					"DEBUG=1",
					"$(inherited)",
				);
				GCC_WARN_64_TO_32_BIT_CONVERSION = YES;
				GCC_WARN_ABOUT_RETURN_TYPE = YES_ERROR;
				GCC_WARN_UNDECLARED_SELECTOR = YES;
				GCC_WARN_UNINITIALIZED_AUTOS = YES_AGGRESSIVE;
				GCC_WARN_UNUSED_FUNCTION = YES;
				GCC_WARN_UNUSED_VARIABLE = YES;
				IPHONEOS_DEPLOYMENT_TARGET = 12.0;
				MTL_ENABLE_DEBUG_INFO = INCLUDE_SOURCE;
				MTL_FAST_MATH = YES;
				ONLY_ACTIVE_ARCH = YES;
				SDKROOT = iphoneos;
			};
			name = Debug;
		};
		22614D57218597F0004F7E90 /* Release */ = {
			isa = XCBuildConfiguration;
			buildSettings = {
				ALWAYS_SEARCH_USER_PATHS = NO;
				CLANG_ANALYZER_NONNULL = YES;
				CLANG_ANALYZER_NUMBER_OBJECT_CONVERSION = YES_AGGRESSIVE;
				CLANG_CXX_LANGUAGE_STANDARD = "gnu++14";
				CLANG_CXX_LIBRARY = "libc++";
				CLANG_ENABLE_MODULES = YES;
				CLANG_ENABLE_OBJC_ARC = YES;
				CLANG_ENABLE_OBJC_WEAK = YES;
				CLANG_WARN_BLOCK_CAPTURE_AUTORELEASING = YES;
				CLANG_WARN_BOOL_CONVERSION = YES;
				CLANG_WARN_COMMA = YES;
				CLANG_WARN_CONSTANT_CONVERSION = YES;
				CLANG_WARN_DEPRECATED_OBJC_IMPLEMENTATIONS = YES;
				CLANG_WARN_DIRECT_OBJC_ISA_USAGE = YES_ERROR;
				CLANG_WARN_DOCUMENTATION_COMMENTS = YES;
				CLANG_WARN_EMPTY_BODY = YES;
				CLANG_WARN_ENUM_CONVERSION = YES;
				CLANG_WARN_INFINITE_RECURSION = YES;
				CLANG_WARN_INT_CONVERSION = YES;
				CLANG_WARN_NON_LITERAL_NULL_CONVERSION = YES;
				CLANG_WARN_OBJC_IMPLICIT_RETAIN_SELF = YES;
				CLANG_WARN_OBJC_LITERAL_CONVERSION = YES;
				CLANG_WARN_OBJC_ROOT_CLASS = YES_ERROR;
				CLANG_WARN_RANGE_LOOP_ANALYSIS = YES;
				CLANG_WARN_STRICT_PROTOTYPES = YES;
				CLANG_WARN_SUSPICIOUS_MOVE = YES;
				CLANG_WARN_UNGUARDED_AVAILABILITY = YES_AGGRESSIVE;
				CLANG_WARN_UNREACHABLE_CODE = YES;
				CLANG_WARN__DUPLICATE_METHOD_MATCH = YES;
				CODE_SIGN_IDENTITY = "iPhone Developer";
				COPY_PHASE_STRIP = NO;
				DEBUG_INFORMATION_FORMAT = "dwarf-with-dsym";
				ENABLE_NS_ASSERTIONS = NO;
				ENABLE_STRICT_OBJC_MSGSEND = YES;
				GCC_C_LANGUAGE_STANDARD = gnu11;
				GCC_NO_COMMON_BLOCKS = YES;
				GCC_WARN_64_TO_32_BIT_CONVERSION = YES;
				GCC_WARN_ABOUT_RETURN_TYPE = YES_ERROR;
				GCC_WARN_UNDECLARED_SELECTOR = YES;
				GCC_WARN_UNINITIALIZED_AUTOS = YES_AGGRESSIVE;
				GCC_WARN_UNUSED_FUNCTION = YES;
				GCC_WARN_UNUSED_VARIABLE = YES;
				IPHONEOS_DEPLOYMENT_TARGET = 12.0;
				MTL_ENABLE_DEBUG_INFO = NO;
				MTL_FAST_MATH = YES;
				SDKROOT = iphoneos;
				VALIDATE_PRODUCT = YES;
			};
			name = Release;
		};
		22614D59218597F0004F7E90 /* Debug */ = {
			isa = XCBuildConfiguration;
			buildSettings = {
				ASSETCATALOG_COMPILER_APPICON_NAME = AppIcon;
				CODE_SIGN_STYLE = Automatic;
				INFOPLIST_FILE = TaskList/Info.plist;
				IPHONEOS_DEPLOYMENT_TARGET = 11.4;
				LD_RUNPATH_SEARCH_PATHS = (
					"$(inherited)",
					"@executable_path/Frameworks",
				);
				PRODUCT_BUNDLE_IDENTIFIER = com.TaskList;
				PRODUCT_NAME = "$(TARGET_NAME)";
				TARGETED_DEVICE_FAMILY = "1,2";
			};
			name = Debug;
		};
		22614D5A218597F0004F7E90 /* Release */ = {
			isa = XCBuildConfiguration;
			buildSettings = {
				ASSETCATALOG_COMPILER_APPICON_NAME = AppIcon;
				CODE_SIGN_STYLE = Automatic;
				INFOPLIST_FILE = TaskList/Info.plist;
				IPHONEOS_DEPLOYMENT_TARGET = 11.4;
				LD_RUNPATH_SEARCH_PATHS = (
					"$(inherited)",
					"@executable_path/Frameworks",
				);
				PRODUCT_BUNDLE_IDENTIFIER = com.TaskList;
				PRODUCT_NAME = "$(TARGET_NAME)";
				TARGETED_DEVICE_FAMILY = "1,2";
			};
			name = Release;
		};
		22614D5C218597F0004F7E90 /* Debug */ = {
			isa = XCBuildConfiguration;
			buildSettings = {
				BUNDLE_LOADER = "$(TEST_HOST)";
				CODE_SIGN_STYLE = Automatic;
				INFOPLIST_FILE = TaskListTests/Info.plist;
				LD_RUNPATH_SEARCH_PATHS = (
					"$(inherited)",
					"@executable_path/Frameworks",
					"@loader_path/Frameworks",
				);
				PRODUCT_BUNDLE_IDENTIFIER = com.TaskListTests;
				PRODUCT_NAME = "$(TARGET_NAME)";
				TARGETED_DEVICE_FAMILY = "1,2";
				TEST_HOST = "$(BUILT_PRODUCTS_DIR)/TaskList.app/TaskList";
			};
			name = Debug;
		};
		22614D5D218597F0004F7E90 /* Release */ = {
			isa = XCBuildConfiguration;
			buildSettings = {
				BUNDLE_LOADER = "$(TEST_HOST)";
				CODE_SIGN_STYLE = Automatic;
				INFOPLIST_FILE = TaskListTests/Info.plist;
				LD_RUNPATH_SEARCH_PATHS = (
					"$(inherited)",
					"@executable_path/Frameworks",
					"@loader_path/Frameworks",
				);
				PRODUCT_BUNDLE_IDENTIFIER = com.TaskListTests;
				PRODUCT_NAME = "$(TARGET_NAME)";
				TARGETED_DEVICE_FAMILY = "1,2";
				TEST_HOST = "$(BUILT_PRODUCTS_DIR)/TaskList.app/TaskList";
			};
			name = Release;
		};
		22614D5F218597F0004F7E90 /* Debug */ = {
			isa = XCBuildConfiguration;
			buildSettings = {
				CODE_SIGN_STYLE = Automatic;
				INFOPLIST_FILE = TaskListUITests/Info.plist;
				LD_RUNPATH_SEARCH_PATHS = (
					"$(inherited)",
					"@executable_path/Frameworks",
					"@loader_path/Frameworks",
				);
				PRODUCT_BUNDLE_IDENTIFIER = com.TaskListUITests;
				PRODUCT_NAME = "$(TARGET_NAME)";
				TARGETED_DEVICE_FAMILY = "1,2";
				TEST_TARGET_NAME = TaskList;
			};
			name = Debug;
		};
		22614D60218597F0004F7E90 /* Release */ = {
			isa = XCBuildConfiguration;
			buildSettings = {
				CODE_SIGN_STYLE = Automatic;
				INFOPLIST_FILE = TaskListUITests/Info.plist;
				LD_RUNPATH_SEARCH_PATHS = (
					"$(inherited)",
					"@executable_path/Frameworks",
					"@loader_path/Frameworks",
				);
				PRODUCT_BUNDLE_IDENTIFIER = com.TaskListUITests;
				PRODUCT_NAME = "$(TARGET_NAME)";
				TARGETED_DEVICE_FAMILY = "1,2";
				TEST_TARGET_NAME = TaskList;
			};
			name = Release;
		};
/* End XCBuildConfiguration section */

/* Begin XCConfigurationList section */
		22614D27218597EF004F7E90 /* Build configuration list for PBXProject "TaskList" */ = {
			isa = XCConfigurationList;
			buildConfigurations = (
				22614D56218597F0004F7E90 /* Debug */,
				22614D57218597F0004F7E90 /* Release */,
			);
			defaultConfigurationIsVisible = 0;
			defaultConfigurationName = Release;
		};
		22614D58218597F0004F7E90 /* Build configuration list for PBXNativeTarget "TaskList" */ = {
			isa = XCConfigurationList;
			buildConfigurations = (
				22614D59218597F0004F7E90 /* Debug */,
				22614D5A218597F0004F7E90 /* Release */,
			);
			defaultConfigurationIsVisible = 0;
			defaultConfigurationName = Release;
		};
		22614D5B218597F0004F7E90 /* Build configuration list for PBXNativeTarget "TaskListTests" */ = {
			isa = XCConfigurationList;
			buildConfigurations = (
				22614D5C218597F0004F7E90 /* Debug */,
				22614D5D218597F0004F7E90 /* Release */,
			);
			defaultConfigurationIsVisible = 0;
			defaultConfigurationName = Release;
		};
		22614D5E218597F0004F7E90 /* Build configuration list for PBXNativeTarget "TaskListUITests" */ = {
			isa = XCConfigurationList;
			buildConfigurations = (
				22614D5F218597F0004F7E90 /* Debug */,
				22614D60218597F0004F7E90 /* Release */,
			);
			defaultConfigurationIsVisible = 0;
			defaultConfigurationName = Release;
		};
/* End XCConfigurationList section */
	};
	rootObject = 22614D24218597EF004F7E90 /* Project object */;
}
